
Microsoft Visual Studio Solution File, Format Version 12.00
# Visual Studio Version 16
VisualStudioVersion = 16.0.34031.81
MinimumVisualStudioVersion = 10.0.40219.1
Project("{FAE04EC0-301F-11D3-BF4B-00C04F79EFBC}") = "OrphanageManagementSystem", "OrphanageManagementSystem\OrphanageManagementSystem.csproj", "{3130A0DF-F5AD-4A2C-82E3-B1A1B04DA975}"
EndProject
Global
	GlobalSection(SolutionConfigurationPlatforms) = preSolution
		Debug|Any CPU = Debug|Any CPU
		Release|Any CPU = Release|Any CPU
	EndGlobalSection
	GlobalSection(ProjectConfigurationPlatforms) = postSolution
		{3130A0DF-F5AD-4A2C-82E3-B1A1B04DA975}.Debug|Any CPU.ActiveCfg = Debug|Any CPU
		{3130A0DF-F5AD-4A2C-82E3-B1A1B04DA975}.Debug|Any CPU.Build.0 = Debug|Any CPU
		{3130A0DF-F5AD-4A2C-82E3-B1A1B04DA975}.Release|Any CPU.ActiveCfg = Release|Any CPU
		{3130A0DF-F5AD-4A2C-82E3-B1A1B04DA975}.Release|Any CPU.Build.0 = Release|Any CPU
	EndGlobalSection
	GlobalSection(SolutionProperties) = preSolution
		HideSolutionNode = FALSE
	EndGlobalSection
	GlobalSection(ExtensibilityGlobals) = postSolution
		SolutionGuid = {3718CBD8-BCDE-4C9B-8A9D-307750A20902}
	EndGlobalSection
EndGlobal
